
Microsoft Visual Studio Solution File, Format Version 12.00
# Visual Studio Version 17
VisualStudioVersion = 17.5.33414.496
MinimumVisualStudioVersion = 10.0.40219.1
Project("{888888A0-9F3D-457C-B088-3A5042F75D52}") = "PI_IbuProfeta_Net", "DDINet\PI_IbuProfeta_Net.pyproj", "{1E2E241B-6CA9-4C9E-B8AE-BBB6E1EF76CC}"
EndProject
Global
	GlobalSection(SolutionConfigurationPlatforms) = preSolution
		Debug|Any CPU = Debug|Any CPU
		Release|Any CPU = Release|Any CPU
	EndGlobalSection
	GlobalSection(ProjectConfigurationPlatforms) = postSolution
		{1E2E241B-6CA9-4C9E-B8AE-BBB6E1EF76CC}.Debug|Any CPU.ActiveCfg = Debug|Any CPU
		{1E2E241B-6CA9-4C9E-B8AE-BBB6E1EF76CC}.Release|Any CPU.ActiveCfg = Release|Any CPU
	EndGlobalSection
	GlobalSection(SolutionProperties) = preSolution
		HideSolutionNode = FALSE
	EndGlobalSection
	GlobalSection(ExtensibilityGlobals) = postSolution
		SolutionGuid = {C067B866-483B-4B49-9486-509507581E85}
	EndGlobalSection
EndGlobal
